
Microsoft Visual Studio Solution File, Format Version 12.00
# Visual Studio 14
VisualStudioVersion = 14.0.25420.1
MinimumVisualStudioVersion = 10.0.40219.1
Project("{E6C563F2-BDC2-4A24-ACBF-01715157DCBB}") = "vehicletelemetry", "vehicletelemetry\vehicletelemetry.asaproj", "{F213EC50-C8C7-486C-9F45-995471ADB264}"
EndProject
Global
	GlobalSection(SolutionConfigurationPlatforms) = preSolution
		Debug|Any CPU = Debug|Any CPU
		Release|Any CPU = Release|Any CPU
	EndGlobalSection
	GlobalSection(ProjectConfigurationPlatforms) = postSolution
		{F213EC50-C8C7-486C-9F45-995471ADB264}.Debug|Any CPU.ActiveCfg = Debug|Any CPU
		{F213EC50-C8C7-486C-9F45-995471ADB264}.Debug|Any CPU.Build.0 = Debug|Any CPU
		{F213EC50-C8C7-486C-9F45-995471ADB264}.Release|Any CPU.ActiveCfg = Release|Any CPU
		{F213EC50-C8C7-486C-9F45-995471ADB264}.Release|Any CPU.Build.0 = Release|Any CPU
	EndGlobalSection
	GlobalSection(SolutionProperties) = preSolution
		HideSolutionNode = FALSE
	EndGlobalSection
EndGlobal
